
Microsoft Visual Studio Solution File, Format Version 12.00
# Visual Studio 2013
VisualStudioVersion = 12.0.21005.1
MinimumVisualStudioVersion = 10.0.40219.1
Project("{FAE04EC0-301F-11D3-BF4B-00C04F79EFBC}") = "SHD", "FacensBox\SHD.csproj", "{7F993584-5C75-4DEC-BADC-66B0D200563F}"
EndProject
Project("{FAE04EC0-301F-11D3-BF4B-00C04F79EFBC}") = "BL", "BL\BL.csproj", "{1FA62F50-B18D-42E4-9832-DE1B48F93CE3}"
EndProject
Project("{FAE04EC0-301F-11D3-BF4B-00C04F79EFBC}") = "DAL", "DAL\DAL.csproj", "{997A001A-F21C-4A85-AC9B-340B4238F6BA}"
EndProject
Project("{FAE04EC0-301F-11D3-BF4B-00C04F79EFBC}") = "Model", "Model\Model.csproj", "{88FF6BF0-FCEB-43DB-B78A-DEF899010CF2}"
EndProject
Global
	GlobalSection(SolutionConfigurationPlatforms) = preSolution
		Debug|Any CPU = Debug|Any CPU
		Debug|ARM = Debug|ARM
		Debug|x64 = Debug|x64
		Debug|x86 = Debug|x86
		Release|Any CPU = Release|Any CPU
		Release|ARM = Release|ARM
		Release|x64 = Release|x64
		Release|x86 = Release|x86
	EndGlobalSection
	GlobalSection(ProjectConfigurationPlatforms) = postSolution
		{7F993584-5C75-4DEC-BADC-66B0D200563F}.Debug|Any CPU.ActiveCfg = Debug|Any CPU
		{7F993584-5C75-4DEC-BADC-66B0D200563F}.Debug|Any CPU.Build.0 = Debug|Any CPU
		{7F993584-5C75-4DEC-BADC-66B0D200563F}.Debug|ARM.ActiveCfg = Debug|Any CPU
		{7F993584-5C75-4DEC-BADC-66B0D200563F}.Debug|x64.ActiveCfg = Debug|Any CPU
		{7F993584-5C75-4DEC-BADC-66B0D200563F}.Debug|x86.ActiveCfg = Debug|Any CPU
		{7F993584-5C75-4DEC-BADC-66B0D200563F}.Release|Any CPU.ActiveCfg = Release|Any CPU
		{7F993584-5C75-4DEC-BADC-66B0D200563F}.Release|Any CPU.Build.0 = Release|Any CPU
		{7F993584-5C75-4DEC-BADC-66B0D200563F}.Release|ARM.ActiveCfg = Release|Any CPU
		{7F993584-5C75-4DEC-BADC-66B0D200563F}.Release|x64.ActiveCfg = Release|Any CPU
		{7F993584-5C75-4DEC-BADC-66B0D200563F}.Release|x86.ActiveCfg = Release|Any CPU
		{1FA62F50-B18D-42E4-9832-DE1B48F93CE3}.Debug|Any CPU.ActiveCfg = Debug|Any CPU
		{1FA62F50-B18D-42E4-9832-DE1B48F93CE3}.Debug|Any CPU.Build.0 = Debug|Any CPU
		{1FA62F50-B18D-42E4-9832-DE1B48F93CE3}.Debug|ARM.ActiveCfg = Debug|Any CPU
		{1FA62F50-B18D-42E4-9832-DE1B48F93CE3}.Debug|x64.ActiveCfg = Debug|Any CPU
		{1FA62F50-B18D-42E4-9832-DE1B48F93CE3}.Debug|x86.ActiveCfg = Debug|Any CPU
		{1FA62F50-B18D-42E4-9832-DE1B48F93CE3}.Release|Any CPU.ActiveCfg = Release|Any CPU
		{1FA62F50-B18D-42E4-9832-DE1B48F93CE3}.Release|Any CPU.Build.0 = Release|Any CPU
		{1FA62F50-B18D-42E4-9832-DE1B48F93CE3}.Release|ARM.ActiveCfg = Release|Any CPU
		{1FA62F50-B18D-42E4-9832-DE1B48F93CE3}.Release|x64.ActiveCfg = Release|Any CPU
		{1FA62F50-B18D-42E4-9832-DE1B48F93CE3}.Release|x86.ActiveCfg = Release|Any CPU
		{997A001A-F21C-4A85-AC9B-340B4238F6BA}.Debug|Any CPU.ActiveCfg = Debug|Any CPU
		{997A001A-F21C-4A85-AC9B-340B4238F6BA}.Debug|Any CPU.Build.0 = Debug|Any CPU
		{997A001A-F21C-4A85-AC9B-340B4238F6BA}.Debug|ARM.ActiveCfg = Debug|Any CPU
		{997A001A-F21C-4A85-AC9B-340B4238F6BA}.Debug|x64.ActiveCfg = Debug|Any CPU
		{997A001A-F21C-4A85-AC9B-340B4238F6BA}.Debug|x86.ActiveCfg = Debug|Any CPU
		{997A001A-F21C-4A85-AC9B-340B4238F6BA}.Release|Any CPU.ActiveCfg = Release|Any CPU
		{997A001A-F21C-4A85-AC9B-340B4238F6BA}.Release|Any CPU.Build.0 = Release|Any CPU
		{997A001A-F21C-4A85-AC9B-340B4238F6BA}.Release|ARM.ActiveCfg = Release|Any CPU
		{997A001A-F21C-4A85-AC9B-340B4238F6BA}.Release|x64.ActiveCfg = Release|Any CPU
		{997A001A-F21C-4A85-AC9B-340B4238F6BA}.Release|x86.ActiveCfg = Release|Any CPU
		{88FF6BF0-FCEB-43DB-B78A-DEF899010CF2}.Debug|Any CPU.ActiveCfg = Debug|Any CPU
		{88FF6BF0-FCEB-43DB-B78A-DEF899010CF2}.Debug|Any CPU.Build.0 = Debug|Any CPU
		{88FF6BF0-FCEB-43DB-B78A-DEF899010CF2}.Debug|ARM.ActiveCfg = Debug|Any CPU
		{88FF6BF0-FCEB-43DB-B78A-DEF899010CF2}.Debug|x64.ActiveCfg = Debug|Any CPU
		{88FF6BF0-FCEB-43DB-B78A-DEF899010CF2}.Debug|x86.ActiveCfg = Debug|Any CPU
		{88FF6BF0-FCEB-43DB-B78A-DEF899010CF2}.Release|Any CPU.ActiveCfg = Release|Any CPU
		{88FF6BF0-FCEB-43DB-B78A-DEF899010CF2}.Release|Any CPU.Build.0 = Release|Any CPU
		{88FF6BF0-FCEB-43DB-B78A-DEF899010CF2}.Release|ARM.ActiveCfg = Release|Any CPU
		{88FF6BF0-FCEB-43DB-B78A-DEF899010CF2}.Release|x64.ActiveCfg = Release|Any CPU
		{88FF6BF0-FCEB-43DB-B78A-DEF899010CF2}.Release|x86.ActiveCfg = Release|Any CPU
	EndGlobalSection
	GlobalSection(SolutionProperties) = preSolution
		HideSolutionNode = FALSE
	EndGlobalSection
EndGlobal
